
Microsoft Visual Studio Solution File, Format Version 12.00
# Visual Studio Version 16
VisualStudioVersion = 16.0.31613.86
MinimumVisualStudioVersion = 10.0.40219.1
Project("{9A19103F-16F7-4668-BE54-9A1E7A4F7556}") = "WinFormsPS5Project.Presentation", "WinFormsPS5Project.Presentation\WinFormsPS5Project.Presentation.csproj", "{66766CC0-C04F-41BF-ABB2-60E154FA372F}"
EndProject
Project("{9A19103F-16F7-4668-BE54-9A1E7A4F7556}") = "WinFormsPS5Project.DataAccessLayer", "WinFormsPS5Project.DataAccessLayer\WinFormsPS5Project.DataAccessLayer.csproj", "{19DF39A9-D19D-439E-8922-245D79043B73}"
EndProject
Project("{9A19103F-16F7-4668-BE54-9A1E7A4F7556}") = "WinFormsPS5Project.BuisenessLogicLayer", "WinFormsPS5Project.BuisenessLogicLayer\WinFormsPS5Project.BuisenessLogicLayer.csproj", "{CD11353B-4CCA-4381-AE7E-7ED931119733}"
EndProject
Global
	GlobalSection(SolutionConfigurationPlatforms) = preSolution
		Debug|Any CPU = Debug|Any CPU
		Release|Any CPU = Release|Any CPU
	EndGlobalSection
	GlobalSection(ProjectConfigurationPlatforms) = postSolution
		{66766CC0-C04F-41BF-ABB2-60E154FA372F}.Debug|Any CPU.ActiveCfg = Debug|Any CPU
		{66766CC0-C04F-41BF-ABB2-60E154FA372F}.Debug|Any CPU.Build.0 = Debug|Any CPU
		{66766CC0-C04F-41BF-ABB2-60E154FA372F}.Release|Any CPU.ActiveCfg = Release|Any CPU
		{66766CC0-C04F-41BF-ABB2-60E154FA372F}.Release|Any CPU.Build.0 = Release|Any CPU
		{19DF39A9-D19D-439E-8922-245D79043B73}.Debug|Any CPU.ActiveCfg = Debug|Any CPU
		{19DF39A9-D19D-439E-8922-245D79043B73}.Debug|Any CPU.Build.0 = Debug|Any CPU
		{19DF39A9-D19D-439E-8922-245D79043B73}.Release|Any CPU.ActiveCfg = Release|Any CPU
		{19DF39A9-D19D-439E-8922-245D79043B73}.Release|Any CPU.Build.0 = Release|Any CPU
		{CD11353B-4CCA-4381-AE7E-7ED931119733}.Debug|Any CPU.ActiveCfg = Debug|Any CPU
		{CD11353B-4CCA-4381-AE7E-7ED931119733}.Debug|Any CPU.Build.0 = Debug|Any CPU
		{CD11353B-4CCA-4381-AE7E-7ED931119733}.Release|Any CPU.ActiveCfg = Release|Any CPU
		{CD11353B-4CCA-4381-AE7E-7ED931119733}.Release|Any CPU.Build.0 = Release|Any CPU
	EndGlobalSection
	GlobalSection(SolutionProperties) = preSolution
		HideSolutionNode = FALSE
	EndGlobalSection
	GlobalSection(ExtensibilityGlobals) = postSolution
		SolutionGuid = {A874747B-009A-4F54-B677-00E8C9FDA150}
	EndGlobalSection
EndGlobal
